// !$*UTF8*$!
{
    archiveVersion = 1;
    classes = {
    };
    objectVersion = 77;
    objects = {

/* Begin PBXContainerItemProxy section */
        45F981FC302796E60096C855 /* PBXContainerItemProxy */ = {
            isa = PBXContainerItemProxy;
            containerPortal = 45F981E4302796E30096C855 /* Project object */;
            proxyType = 1;
            remoteGlobalIDString = 45F981EB302796E30096C855;
            remoteInfo = Randomness;
        };
        45F98206302796E60096C855 /* PBXContainerItemProxy */ = {
            isa = PBXContainerItemProxy;
            containerPortal = 45F981E4302796E30096C855 /* Project object */;
            proxyType = 1;
            remoteGlobalIDString = 45F981EB302796E30096C855;
            remoteInfo = Randomness;
        };
/* End PBXContainerItemProxy section */

/* Begin PBXFileReference section */
        45F981EC302796E30096C855 /* Randomness.app */ = {isa = PBXFileReference; explicitFileType = wrapper.application; includeInIndex = 0; path = Randomness.app; sourceTree = BUILT_PRODUCTS_DIR; };
        45F981FB302796E60096C855 /* RandomnessTests.xctest */ = {isa = PBXFileReference; explicitFileType = wrapper.cfbundle; includeInIndex = 0; path = RandomnessTests.xctest; sourceTree = BUILT_PRODUCTS_DIR; };
        45F98205302796E60096C855 /* RandomnessUITests.xctest */ = {isa = PBXFileReference; explicitFileType = wrapper.cfbundle; includeInIndex = 0; path = RandomnessUITests.xctest; sourceTree = BUILT_PRODUCTS_DIR; };
/* End PBXFileReference section */

/* Begin PBXFileSystemSynchronizedRootGroup section */
        45F981EE302796E30096C855 /* Randomness */ = {
            isa = PBXFileSystemSynchronizedRootGroup;
            path = Randomness;
            sourceTree = "<group>";
        };
        45F981FE302796E60096C855 /* RandomnessTests */ = {
            isa = PBXFileSystemSynchronizedRootGroup;
            path = RandomnessTests;
            sourceTree = "<group>";
        };
        45F98208302796E60096C855 /* RandomnessUITests */ = {
            isa = PBXFileSystemSynchronizedRootGroup;
            path = RandomnessUITests;
            sourceTree = "<group>";
        };
/* End PBXFileSystemSynchronizedRootGroup section */

/* Begin PBXFrameworksBuildPhase section */
        45F981E9302796E30096C855 /* Frameworks */ = {
            isa = PBXFrameworksBuildPhase;
            buildActionMask = 2147483647;
            files = (
            );
            runOnlyForDeploymentPostprocessing = 0;
        };
        45F981F8302796E60096C855 /* Frameworks */ = {
            isa = PBXFrameworksBuildPhase;
            buildActionMask = 2147483647;
            files = (
            );
            runOnlyForDeploymentPostprocessing = 0;
        };
        45F98202302796E60096C855 /* Frameworks */ = {
            isa = PBXFrameworksBuildPhase;
            buildActionMask = 2147483647;
            files = (
            );
            runOnlyForDeploymentPostprocessing = 0;
        };
/* End PBXFrameworksBuildPhase section */

/* Begin PBXGroup section */
        45F981E3302796E30096C855 = {
            isa = PBXGroup;
            children = (
                45F981EE302796E30096C855 /* Randomness */,
                45F981FE302796E60096C855 /* RandomnessTests */,
                45F98208302796E60096C855 /* RandomnessUITests */,
                45F981ED302796E30096C855 /* Products */,
            );
            sourceTree = "<group>";
        };
        45F981ED302796E30096C855 /* Products */ = {
            isa = PBXGroup;
            children = (
                45F981EC302796E30096C855 /* Randomness.app */,
                45F981FB302796E60096C855 /* RandomnessTests.xctest */,
                45F98205302796E60096C855 /* RandomnessUITests.xctest */,
            );
            name = Products;
            sourceTree = "<group>";
        };
/* End PBXGroup section */

/* Begin PBXNativeTarget section */
        45F981EB302796E30096C855 /* Randomness */ = {
            isa = PBXNativeTarget;
            buildConfigurationList = 45F9820F302796E60096C855 /* Build configuration list for PBXNativeTarget "Randomness" */;
            buildPhases = (
                45F981E8302796E30096C855 /* Sources */,
                45F981E9302796E30096C855 /* Frameworks */,
                45F981EA302796E30096C855 /* Resources */,
            );
            buildRules = (
            );
            dependencies = (
            );
            fileSystemSynchronizedGroups = (
                45F981EE302796E30096C855 /* Randomness */,
            );
            name = Randomness;
            packageProductDependencies = (
            );
            productName = Randomness;
            productReference = 45F981EC302796E30096C855 /* Randomness.app */;
            productType = "com.apple.product-type.application";
        };
        45F981FA302796E60096C855 /* RandomnessTests */ = {
            isa = PBXNativeTarget;
            buildConfigurationList = 45F98212302796E60096C855 /* Build configuration list for PBXNativeTarget "RandomnessTests" */;
            buildPhases = (
                45F981F7302796E60096C855 /* Sources */,
                45F981F8302796E60096C855 /* Frameworks */,
                45F981F9302796E60096C855 /* Resources */,
            );
            buildRules = (
            );
            dependencies = (
                45F981FD302796E60096C855 /* PBXTargetDependency */,
            );
            fileSystemSynchronizedGroups = (
                45F981FE302796E60096C855 /* RandomnessTests */,
            );
            name = RandomnessTests;
            packageProductDependencies = (
            );
            productName = RandomnessTests;
            productReference = 45F981FB302796E60096C855 /* RandomnessTests.xctest */;
            productType = "com.apple.product-type.bundle.unit-test";
        };
        45F98204302796E60096C855 /* RandomnessUITests */ = {
            isa = PBXNativeTarget;
            buildConfigurationList = 45F98215302796E60096C855 /* Build configuration list for PBXNativeTarget "RandomnessUITests" */;
            buildPhases = (
                45F98201302796E60096C855 /* Sources */,
                45F98202302796E60096C855 /* Frameworks */,
                45F98203302796E60096C855 /* Resources */,
            );
            buildRules = (
            );
            dependencies = (
                45F98207302796E60096C855 /* PBXTargetDependency */,
            );
            fileSystemSynchronizedGroups = (
                45F98208302796E60096C855 /* RandomnessUITests */,
            );
            name = RandomnessUITests;
            packageProductDependencies = (
            );
            productName = RandomnessUITests;
            productReference = 45F98205302796E60096C855 /* RandomnessUITests.xctest */;
            productType = "com.apple.product-type.bundle.ui-testing";
        };
/* End PBXNativeTarget section */

/* Begin PBXProject section */
        45F981E4302796E30096C855 /* Project object */ = {
            isa = PBXProject;
            attributes = {
                BuildIndependentTargetsInParallel = 1;
                LastSwiftUpdateCheck = 2620;
                LastUpgradeCheck = 2620;
                TargetAttributes = {
                    45F981EB302796E30096C855 = {
                        CreatedOnToolsVersion = 26.2;
                    };
                    45F981FA302796E60096C855 = {
                        CreatedOnToolsVersion = 26.2;
                        TestTargetID = 45F981EB302796E30096C855;
                    };
                    45F98204302796E60096C855 = {
                        CreatedOnToolsVersion = 26.2;
                        TestTargetID = 45F981EB302796E30096C855;
                    };
                };
            };
            buildConfigurationList = 45F981E7302796E30096C855 /* Build configuration list for PBXProject "Randomness" */;
            developmentRegion = en;
            hasScannedForEncodings = 0;
            knownRegions = (
                en,
                Base,
            );
            mainGroup = 45F981E3302796E30096C855;
            minimizedProjectReferenceProxies = 1;
            preferredProjectObjectVersion = 77;
            productRefGroup = 45F981ED302796E30096C855 /* Products */;
            projectDirPath = "";
            projectRoot = "";
            targets = (
                45F981EB302796E30096C855 /* Randomness */,
                45F981FA302796E60096C855 /* RandomnessTests */,
                45F98204302796E60096C855 /* RandomnessUITests */,
            );
        };
/* End PBXProject section */

/* Begin PBXResourcesBuildPhase section */
        45F981EA302796E30096C855 /* Resources */ = {
            isa = PBXResourcesBuildPhase;
            buildActionMask = 2147483647;
            files = (
            );
            runOnlyForDeploymentPostprocessing = 0;
        };
        45F981F9302796E60096C855 /* Resources */ = {
            isa = PBXResourcesBuildPhase;
            buildActionMask = 2147483647;
            files = (
            );
            runOnlyForDeploymentPostprocessing = 0;
        };
        45F98203302796E60096C855 /* Resources */ = {
            isa = PBXResourcesBuildPhase;
            buildActionMask = 2147483647;
            files = (
            );
            runOnlyForDeploymentPostprocessing = 0;
        };
/* End PBXResourcesBuildPhase section */

/* Begin PBXSourcesBuildPhase section */
        45F981E8302796E30096C855 /* Sources */ = {
            isa = PBXSourcesBuildPhase;
            buildActionMask = 2147483647;
            files = (
            );
            runOnlyForDeploymentPostprocessing = 0;
        };
        45F981F7302796E60096C855 /* Sources */ = {
            isa = PBXSourcesBuildPhase;
            buildActionMask = 2147483647;
            files = (
            );
            runOnlyForDeploymentPostprocessing = 0;
        };
        45F98201302796E60096C855 /* Sources */ = {
            isa = PBXSourcesBuildPhase;
            buildActionMask = 2147483647;
            files = (
            );
            runOnlyForDeploymentPostprocessing = 0;
        };
/* End PBXSourcesBuildPhase section */

/* Begin PBXTargetDependency section */
        45F981FD302796E60096C855 /* PBXTargetDependency */ = {
            isa = PBXTargetDependency;
            target = 45F981EB302796E30096C855 /* Randomness */;
            targetProxy = 45F981FC302796E60096C855 /* PBXContainerItemProxy */;
        };
        45F98207302796E60096C855 /* PBXTargetDependency */ = {
            isa = PBXTargetDependency;
            target = 45F981EB302796E30096C855 /* Randomness */;
            targetProxy = 45F98206302796E60096C855 /* PBXContainerItemProxy */;
        };
/* End PBXTargetDependency section */

/* Begin XCBuildConfiguration section */
        45F9820D302796E60096C855 /* Debug */ = {
            isa = XCBuildConfiguration;
            buildSettings = {
                ALWAYS_SEARCH_USER_PATHS = NO;
                ASSETCATALOG_COMPILER_GENERATE_SWIFT_ASSET_SYMBOL_EXTENSIONS = YES;
                CLANG_ANALYZER_NONNULL = YES;
                CLANG_ANALYZER_NUMBER_OBJECT_CONVERSION = YES_AGGRESSIVE;
                CLANG_CXX_LANGUAGE_STANDARD = "gnu++20";
                CLANG_ENABLE_MODULES = YES;
                CLANG_ENABLE_OBJC_ARC = YES;
                CLANG_ENABLE_OBJC_WEAK = YES;
                CLANG_WARN_BLOCK_CAPTURE_AUTORELEASING = YES;
                CLANG_WARN_BOOL_CONVERSION = YES;
                CLANG_WARN_COMMA = YES;
                CLANG_WARN_CONSTANT_CONVERSION = YES;
                CLANG_WARN_DEPRECATED_OBJC_IMPLEMENTATIONS = YES;
                CLANG_WARN_DIRECT_OBJC_ISA_USAGE = YES_ERROR;
                CLANG_WARN_DOCUMENTATION_COMMENTS = YES;
                CLANG_WARN_EMPTY_BODY = YES;
                CLANG_WARN_ENUM_CONVERSION = YES;
                CLANG_WARN_INFINITE_RECURSION = YES;
                CLANG_WARN_INT_CONVERSION = YES;
                CLANG_WARN_NON_LITERAL_NULL_CONVERSION = YES;
                CLANG_WARN_OBJC_IMPLICIT_RETAIN_SELF = YES;
                CLANG_WARN_OBJC_LITERAL_CONVERSION = YES;
                CLANG_WARN_OBJC_ROOT_CLASS = YES_ERROR;
                CLANG_WARN_QUOTED_INCLUDE_IN_FRAMEWORK_HEADER = YES;
                CLANG_WARN_RANGE_LOOP_ANALYSIS = YES;
                CLANG_WARN_STRICT_PROTOTYPES = YES;
                CLANG_WARN_SUSPICIOUS_MOVE = YES;
                CLANG_WARN_UNGUARDED_AVAILABILITY = YES_AGGRESSIVE;
                CLANG_WARN_UNREACHABLE_CODE = YES;
                CLANG_WARN__DUPLICATE_METHOD_MATCH = YES;
                COPY_PHASE_STRIP = NO;
                DEBUG_INFORMATION_FORMAT = dwarf;
                DEVELOPMENT_TEAM = T9XSFJSXH9;
                ENABLE_STRICT_OBJC_MSGSEND = YES;
                ENABLE_TESTABILITY = YES;
                ENABLE_USER_SCRIPT_SANDBOXING = YES;
                GCC_C_LANGUAGE_STANDARD = gnu17;
                GCC_DYNAMIC_NO_PIC = NO;
                GCC_NO_COMMON_BLOCKS = YES;
                GCC_OPTIMIZATION_LEVEL = 0;
                GCC_PREPROCESSOR_DEFINITIONS = (
                    "DEBUG=1",
                    "$(inherited)",
                );
                GCC_WARN_64_TO_32_BIT_CONVERSION = YES;
                GCC_WARN_ABOUT_RETURN_TYPE = YES_ERROR;
                GCC_WARN_UNDECLARED_SELECTOR = YES;
                GCC_WARN_UNINITIALIZED_AUTOS = YES_AGGRESSIVE;
                GCC_WARN_UNUSED_FUNCTION = YES;
                GCC_WARN_UNUSED_VARIABLE = YES;
                IPHONEOS_DEPLOYMENT_TARGET = 26.2;
                LOCALIZATION_PREFERS_STRING_CATALOGS = YES;
                MTL_ENABLE_DEBUG_INFO = INCLUDE_SOURCE;
                MTL_FAST_MATH = YES;
                ONLY_ACTIVE_ARCH = YES;
                SDKROOT = iphoneos;
                SWIFT_ACTIVE_COMPILATION_CONDITIONS = "DEBUG $(inherited)";
                SWIFT_OPTIMIZATION_LEVEL = "-Onone";
            };
            name = Debug;
        };
        45F9820E302796E60096C855 /* Release */ = {
            isa = XCBuildConfiguration;
            buildSettings = {
                ALWAYS_SEARCH_USER_PATHS = NO;
                ASSETCATALOG_COMPILER_GENERATE_SWIFT_ASSET_SYMBOL_EXTENSIONS = YES;
                CLANG_ANALYZER_NONNULL = YES;
                CLANG_ANALYZER_NUMBER_OBJECT_CONVERSION = YES_AGGRESSIVE;
                CLANG_CXX_LANGUAGE_STANDARD = "gnu++20";
                CLANG_ENABLE_MODULES = YES;
                CLANG_ENABLE_OBJC_ARC = YES;
                CLANG_ENABLE_OBJC_WEAK = YES;
                CLANG_WARN_BLOCK_CAPTURE_AUTORELEASING = YES;
                CLANG_WARN_BOOL_CONVERSION = YES;
                CLANG_WARN_COMMA = YES;
                CLANG_WARN_CONSTANT_CONVERSION = YES;
                CLANG_WARN_DEPRECATED_OBJC_IMPLEMENTATIONS = YES;
                CLANG_WARN_DIRECT_OBJC_ISA_USAGE = YES_ERROR;
                CLANG_WARN_DOCUMENTATION_COMMENTS = YES;
                CLANG_WARN_EMPTY_BODY = YES;
                CLANG_WARN_ENUM_CONVERSION = YES;
                CLANG_WARN_INFINITE_RECURSION = YES;
                CLANG_WARN_INT_CONVERSION = YES;
                CLANG_WARN_NON_LITERAL_NULL_CONVERSION = YES;
                CLANG_WARN_OBJC_IMPLICIT_RETAIN_SELF = YES;
                CLANG_WARN_OBJC_LITERAL_CONVERSION = YES;
                CLANG_WARN_OBJC_ROOT_CLASS = YES_ERROR;
                CLANG_WARN_QUOTED_INCLUDE_IN_FRAMEWORK_HEADER = YES;
                CLANG_WARN_RANGE_LOOP_ANALYSIS = YES;
                CLANG_WARN_STRICT_PROTOTYPES = YES;
                CLANG_WARN_SUSPICIOUS_MOVE = YES;
                CLANG_WARN_UNGUARDED_AVAILABILITY = YES_AGGRESSIVE;
                CLANG_WARN_UNREACHABLE_CODE = YES;
                CLANG_WARN__DUPLICATE_METHOD_MATCH = YES;
                COPY_PHASE_STRIP = NO;
                DEBUG_INFORMATION_FORMAT = "dwarf-with-dsym";
                DEVELOPMENT_TEAM = T9XSFJSXH9;
                ENABLE_NS_ASSERTIONS = NO;
                ENABLE_STRICT_OBJC_MSGSEND = YES;
                ENABLE_USER_SCRIPT_SANDBOXING = YES;
                GCC_C_LANGUAGE_STANDARD = gnu17;
                GCC_NO_COMMON_BLOCKS = YES;
                GCC_WARN_64_TO_32_BIT_CONVERSION = YES;
                GCC_WARN_ABOUT_RETURN_TYPE = YES_ERROR;
                GCC_WARN_UNDECLARED_SELECTOR = YES;
                GCC_WARN_UNINITIALIZED_AUTOS = YES_AGGRESSIVE;
                GCC_WARN_UNUSED_FUNCTION = YES;
                GCC_WARN_UNUSED_VARIABLE = YES;
                IPHONEOS_DEPLOYMENT_TARGET = 26.2;
                LOCALIZATION_PREFERS_STRING_CATALOGS = YES;
                MTL_ENABLE_DEBUG_INFO = NO;
                MTL_FAST_MATH = YES;
                SDKROOT = iphoneos;
                SWIFT_COMPILATION_MODE = wholemodule;
                VALIDATE_PRODUCT = YES;
            };
            name = Release;
        };
        45F98210302796E60096C855 /* Debug */ = {
            isa = XCBuildConfiguration;
            buildSettings = {
                ASSETCATALOG_COMPILER_APPICON_NAME = AppIcon;
                ASSETCATALOG_COMPILER_GLOBAL_ACCENT_COLOR_NAME = AccentColor;
                CODE_SIGN_STYLE = Automatic;
                CURRENT_PROJECT_VERSION = 1;
                DEVELOPMENT_TEAM = T9XSFJSXH9;
                ENABLE_PREVIEWS = YES;
                GENERATE_INFOPLIST_FILE = YES;
                INFOPLIST_KEY_NSPhotoLibraryAddUsageDescription = "Randomness saves the cat pictures you download to your photo library.";
                INFOPLIST_KEY_UIApplicationSceneManifest_Generation = YES;
                INFOPLIST_KEY_UIApplicationSupportsIndirectInputEvents = YES;
                INFOPLIST_KEY_UILaunchScreen_Generation = YES;
                INFOPLIST_KEY_UISupportedInterfaceOrientations_iPad = "UIInterfaceOrientationPortrait UIInterfaceOrientationPortraitUpsideDown UIInterfaceOrientationLandscapeLeft UIInterfaceOrientationLandscapeRight";
                INFOPLIST_KEY_UISupportedInterfaceOrientations_iPhone = "UIInterfaceOrientationPortrait UIInterfaceOrientationLandscapeLeft UIInterfaceOrientationLandscapeRight";
                LD_RUNPATH_SEARCH_PATHS = (
                    "$(inherited)",
                    "@executable_path/Frameworks",
                );
                MARKETING_VERSION = 1.0;
                PRODUCT_BUNDLE_IDENTIFIER = "Nesti-Labs.Randomness";
                PRODUCT_NAME = "$(TARGET_NAME)";
                STRING_CATALOG_GENERATE_SYMBOLS = YES;
                SWIFT_APPROACHABLE_CONCURRENCY = YES;
                SWIFT_DEFAULT_ACTOR_ISOLATION = MainActor;
                SWIFT_EMIT_LOC_STRINGS = YES;
                SWIFT_UPCOMING_FEATURE_MEMBER_IMPORT_VISIBILITY = YES;
                SWIFT_VERSION = 5.0;
                TARGETED_DEVICE_FAMILY = "1,2";
            };
            name = Debug;
        };
        45F98211302796E60096C855 /* Release */ = {
            isa = XCBuildConfiguration;
            buildSettings = {
                ASSETCATALOG_COMPILER_APPICON_NAME = AppIcon;
                ASSETCATALOG_COMPILER_GLOBAL_ACCENT_COLOR_NAME = AccentColor;
                CODE_SIGN_STYLE = Automatic;
                CURRENT_PROJECT_VERSION = 1;
                DEVELOPMENT_TEAM = T9XSFJSXH9;
                ENABLE_PREVIEWS = YES;
                GENERATE_INFOPLIST_FILE = YES;
                INFOPLIST_KEY_NSPhotoLibraryAddUsageDescription = "Randomness saves the cat pictures you download to your photo library.";
                INFOPLIST_KEY_UIApplicationSceneManifest_Generation = YES;
                INFOPLIST_KEY_UIApplicationSupportsIndirectInputEvents = YES;
                INFOPLIST_KEY_UILaunchScreen_Generation = YES;
                INFOPLIST_KEY_UISupportedInterfaceOrientations_iPad = "UIInterfaceOrientationPortrait UIInterfaceOrientationPortraitUpsideDown UIInterfaceOrientationLandscapeLeft UIInterfaceOrientationLandscapeRight";
                INFOPLIST_KEY_UISupportedInterfaceOrientations_iPhone = "UIInterfaceOrientationPortrait UIInterfaceOrientationLandscapeLeft UIInterfaceOrientationLandscapeRight";
                LD_RUNPATH_SEARCH_PATHS = (
                    "$(inherited)",
                    "@executable_path/Frameworks",
                );
                MARKETING_VERSION = 1.0;
                PRODUCT_BUNDLE_IDENTIFIER = "Nesti-Labs.Randomness";
                PRODUCT_NAME = "$(TARGET_NAME)";
                STRING_CATALOG_GENERATE_SYMBOLS = YES;
                SWIFT_APPROACHABLE_CONCURRENCY = YES;
                SWIFT_DEFAULT_ACTOR_ISOLATION = MainActor;
                SWIFT_EMIT_LOC_STRINGS = YES;
                SWIFT_UPCOMING_FEATURE_MEMBER_IMPORT_VISIBILITY = YES;
                SWIFT_VERSION = 5.0;
                TARGETED_DEVICE_FAMILY = "1,2";
            };
            name = Release;
        };
        45F98213302796E60096C855 /* Debug */ = {
            isa = XCBuildConfiguration;
            buildSettings = {
                BUNDLE_LOADER = "$(TEST_HOST)";
                CODE_SIGN_STYLE = Automatic;
                CURRENT_PROJECT_VERSION = 1;
                DEVELOPMENT_TEAM = T9XSFJSXH9;
                GENERATE_INFOPLIST_FILE = YES;
                IPHONEOS_DEPLOYMENT_TARGET = 26.2;
                MARKETING_VERSION = 1.0;
                PRODUCT_BUNDLE_IDENTIFIER = "Nesti-Labs.RandomnessTests";
                PRODUCT_NAME = "$(TARGET_NAME)";
                STRING_CATALOG_GENERATE_SYMBOLS = NO;
                SWIFT_APPROACHABLE_CONCURRENCY = YES;
                SWIFT_EMIT_LOC_STRINGS = NO;
                SWIFT_UPCOMING_FEATURE_MEMBER_IMPORT_VISIBILITY = YES;
                SWIFT_VERSION = 5.0;
                TARGETED_DEVICE_FAMILY = "1,2";
                TEST_HOST = "$(BUILT_PRODUCTS_DIR)/Randomness.app/$(BUNDLE_EXECUTABLE_FOLDER_PATH)/Randomness";
            };
            name = Debug;
        };
        45F98214302796E60096C855 /* Release */ = {
            isa = XCBuildConfiguration;
            buildSettings = {
                BUNDLE_LOADER = "$(TEST_HOST)";
                CODE_SIGN_STYLE = Automatic;
                CURRENT_PROJECT_VERSION = 1;
                DEVELOPMENT_TEAM = T9XSFJSXH9;
                GENERATE_INFOPLIST_FILE = YES;
                IPHONEOS_DEPLOYMENT_TARGET = 26.2;
                MARKETING_VERSION = 1.0;
                PRODUCT_BUNDLE_IDENTIFIER = "Nesti-Labs.RandomnessTests";
                PRODUCT_NAME = "$(TARGET_NAME)";
                STRING_CATALOG_GENERATE_SYMBOLS = NO;
                SWIFT_APPROACHABLE_CONCURRENCY = YES;
                SWIFT_EMIT_LOC_STRINGS = NO;
                SWIFT_UPCOMING_FEATURE_MEMBER_IMPORT_VISIBILITY = YES;
                SWIFT_VERSION = 5.0;
                TARGETED_DEVICE_FAMILY = "1,2";
                TEST_HOST = "$(BUILT_PRODUCTS_DIR)/Randomness.app/$(BUNDLE_EXECUTABLE_FOLDER_PATH)/Randomness";
            };
            name = Release;
        };
        45F98216302796E60096C855 /* Debug */ = {
            isa = XCBuildConfiguration;
            buildSettings = {
                CODE_SIGN_STYLE = Automatic;
                CURRENT_PROJECT_VERSION = 1;
                DEVELOPMENT_TEAM = T9XSFJSXH9;
                GENERATE_INFOPLIST_FILE = YES;
                MARKETING_VERSION = 1.0;
                PRODUCT_BUNDLE_IDENTIFIER = "Nesti-Labs.RandomnessUITests";
                PRODUCT_NAME = "$(TARGET_NAME)";
                STRING_CATALOG_GENERATE_SYMBOLS = NO;
                SWIFT_APPROACHABLE_CONCURRENCY = YES;
                SWIFT_EMIT_LOC_STRINGS = NO;
                SWIFT_UPCOMING_FEATURE_MEMBER_IMPORT_VISIBILITY = YES;
                SWIFT_VERSION = 5.0;
                TARGETED_DEVICE_FAMILY = "1,2";
                TEST_TARGET_NAME = Randomness;
            };
            name = Debug;
        };
        45F98217302796E60096C855 /* Release */ = {
            isa = XCBuildConfiguration;
            buildSettings = {
                CODE_SIGN_STYLE = Automatic;
                CURRENT_PROJECT_VERSION = 1;
                DEVELOPMENT_TEAM = T9XSFJSXH9;
                GENERATE_INFOPLIST_FILE = YES;
                MARKETING_VERSION = 1.0;
                PRODUCT_BUNDLE_IDENTIFIER = "Nesti-Labs.RandomnessUITests";
                PRODUCT_NAME = "$(TARGET_NAME)";
                STRING_CATALOG_GENERATE_SYMBOLS = NO;
                SWIFT_APPROACHABLE_CONCURRENCY = YES;
                SWIFT_EMIT_LOC_STRINGS = NO;
                SWIFT_UPCOMING_FEATURE_MEMBER_IMPORT_VISIBILITY = YES;
                SWIFT_VERSION = 5.0;
                TARGETED_DEVICE_FAMILY = "1,2";
                TEST_TARGET_NAME = Randomness;
            };
            name = Release;
        };
/* End XCBuildConfiguration section */

/* Begin XCConfigurationList section */
        45F981E7302796E30096C855 /* Build configuration list for PBXProject "Randomness" */ = {
            isa = XCConfigurationList;
            buildConfigurations = (
                45F9820D302796E60096C855 /* Debug */,
                45F9820E302796E60096C855 /* Release */,
            );
            defaultConfigurationIsVisible = 0;
            defaultConfigurationName = Release;
        };
        45F9820F302796E60096C855 /* Build configuration list for PBXNativeTarget "Randomness" */ = {
            isa = XCConfigurationList;
            buildConfigurations = (
                45F98210302796E60096C855 /* Debug */,
                45F98211302796E60096C855 /* Release */,
            );
            defaultConfigurationIsVisible = 0;
            defaultConfigurationName = Release;
        };
        45F98212302796E60096C855 /* Build configuration list for PBXNativeTarget "RandomnessTests" */ = {
            isa = XCConfigurationList;
            buildConfigurations = (
                45F98213302796E60096C855 /* Debug */,
                45F98214302796E60096C855 /* Release */,
            );
            defaultConfigurationIsVisible = 0;
            defaultConfigurationName = Release;
        };
        45F98215302796E60096C855 /* Build configuration list for PBXNativeTarget "RandomnessUITests" */ = {
            isa = XCConfigurationList;
            buildConfigurations = (
                45F98216302796E60096C855 /* Debug */,
                45F98217302796E60096C855 /* Release */,
            );
            defaultConfigurationIsVisible = 0;
            defaultConfigurationName = Release;
        };
/* End XCConfigurationList section */
    };
    rootObject = 45F981E4302796E30096C855 /* Project object */;
}
